
Microsoft Visual Studio Solution File, Format Version 12.00
# Visual Studio Version 17
VisualStudioVersion = 17.12.35527.113 d17.12
MinimumVisualStudioVersion = 10.0.40219.1
Project("{FAE04EC0-301F-11D3-BF4B-00C04F79EFBC}") = "QueuesBL", "QueuesBL\QueuesBL.csproj", "{C4209EDD-D8AA-4A28-989A-C1182BC404B6}"
EndProject
Project("{FAE04EC0-301F-11D3-BF4B-00C04F79EFBC}") = "QueuesPL", "QueuesPL\QueuesPL.csproj", "{89281E87-1002-4A9A-BDD5-341C9657B7D4}"
EndProject
Global
	GlobalSection(SolutionConfigurationPlatforms) = preSolution
		Debug|Any CPU = Debug|Any CPU
		Release|Any CPU = Release|Any CPU
	EndGlobalSection
	GlobalSection(ProjectConfigurationPlatforms) = postSolution
		{C4209EDD-D8AA-4A28-989A-C1182BC404B6}.Debug|Any CPU.ActiveCfg = Debug|Any CPU
		{C4209EDD-D8AA-4A28-989A-C1182BC404B6}.Debug|Any CPU.Build.0 = Debug|Any CPU
		{C4209EDD-D8AA-4A28-989A-C1182BC404B6}.Release|Any CPU.ActiveCfg = Release|Any CPU
		{C4209EDD-D8AA-4A28-989A-C1182BC404B6}.Release|Any CPU.Build.0 = Release|Any CPU
		{89281E87-1002-4A9A-BDD5-341C9657B7D4}.Debug|Any CPU.ActiveCfg = Debug|Any CPU
		{89281E87-1002-4A9A-BDD5-341C9657B7D4}.Debug|Any CPU.Build.0 = Debug|Any CPU
		{89281E87-1002-4A9A-BDD5-341C9657B7D4}.Release|Any CPU.ActiveCfg = Release|Any CPU
		{89281E87-1002-4A9A-BDD5-341C9657B7D4}.Release|Any CPU.Build.0 = Release|Any CPU
	EndGlobalSection
	GlobalSection(SolutionProperties) = preSolution
		HideSolutionNode = FALSE
	EndGlobalSection
EndGlobal
