
Microsoft Visual Studio Solution File, Format Version 12.00
# Visual Studio Version 17
VisualStudioVersion = 17.12.35527.113 d17.12
MinimumVisualStudioVersion = 10.0.40219.1
Project("{FAE04EC0-301F-11D3-BF4B-00C04F79EFBC}") = "PolyInterConsoleApp", "PolyInterConsoleApp\PolyInterConsoleApp.csproj", "{068EF04F-C9CE-4A12-948C-0AFF59ADC69C}"
EndProject
Project("{FAE04EC0-301F-11D3-BF4B-00C04F79EFBC}") = "PolyInterClassLibrary", "PolyInterClassLibrary\PolyInterClassLibrary.csproj", "{0A149C29-349A-4953-BBD9-F9BDA188CC55}"
EndProject
Global
	GlobalSection(SolutionConfigurationPlatforms) = preSolution
		Debug|Any CPU = Debug|Any CPU
		Release|Any CPU = Release|Any CPU
	EndGlobalSection
	GlobalSection(ProjectConfigurationPlatforms) = postSolution
		{068EF04F-C9CE-4A12-948C-0AFF59ADC69C}.Debug|Any CPU.ActiveCfg = Debug|Any CPU
		{068EF04F-C9CE-4A12-948C-0AFF59ADC69C}.Debug|Any CPU.Build.0 = Debug|Any CPU
		{068EF04F-C9CE-4A12-948C-0AFF59ADC69C}.Release|Any CPU.ActiveCfg = Release|Any CPU
		{068EF04F-C9CE-4A12-948C-0AFF59ADC69C}.Release|Any CPU.Build.0 = Release|Any CPU
		{0A149C29-349A-4953-BBD9-F9BDA188CC55}.Debug|Any CPU.ActiveCfg = Debug|Any CPU
		{0A149C29-349A-4953-BBD9-F9BDA188CC55}.Debug|Any CPU.Build.0 = Debug|Any CPU
		{0A149C29-349A-4953-BBD9-F9BDA188CC55}.Release|Any CPU.ActiveCfg = Release|Any CPU
		{0A149C29-349A-4953-BBD9-F9BDA188CC55}.Release|Any CPU.Build.0 = Release|Any CPU
	EndGlobalSection
	GlobalSection(SolutionProperties) = preSolution
		HideSolutionNode = FALSE
	EndGlobalSection
EndGlobal
