
Microsoft Visual Studio Solution File, Format Version 12.00
# Visual Studio Version 17
VisualStudioVersion = 17.12.35527.113 d17.12
MinimumVisualStudioVersion = 10.0.40219.1
Project("{FAE04EC0-301F-11D3-BF4B-00C04F79EFBC}") = "QuizzAppCL", "QuizzAppCL\QuizzAppCL.csproj", "{3622C1CB-FE49-48E3-958F-3AB99E2B81A5}"
EndProject
Project("{FAE04EC0-301F-11D3-BF4B-00C04F79EFBC}") = "QuizzConsoleApp", "QuizzConsoleApp\QuizzConsoleApp.csproj", "{8A5C0BFC-7444-4314-9DC6-E0F4AA60743A}"
EndProject
Global
	GlobalSection(SolutionConfigurationPlatforms) = preSolution
		Debug|Any CPU = Debug|Any CPU
		Release|Any CPU = Release|Any CPU
	EndGlobalSection
	GlobalSection(ProjectConfigurationPlatforms) = postSolution
		{3622C1CB-FE49-48E3-958F-3AB99E2B81A5}.Debug|Any CPU.ActiveCfg = Debug|Any CPU
		{3622C1CB-FE49-48E3-958F-3AB99E2B81A5}.Debug|Any CPU.Build.0 = Debug|Any CPU
		{3622C1CB-FE49-48E3-958F-3AB99E2B81A5}.Release|Any CPU.ActiveCfg = Release|Any CPU
		{3622C1CB-FE49-48E3-958F-3AB99E2B81A5}.Release|Any CPU.Build.0 = Release|Any CPU
		{8A5C0BFC-7444-4314-9DC6-E0F4AA60743A}.Debug|Any CPU.ActiveCfg = Debug|Any CPU
		{8A5C0BFC-7444-4314-9DC6-E0F4AA60743A}.Debug|Any CPU.Build.0 = Debug|Any CPU
		{8A5C0BFC-7444-4314-9DC6-E0F4AA60743A}.Release|Any CPU.ActiveCfg = Release|Any CPU
		{8A5C0BFC-7444-4314-9DC6-E0F4AA60743A}.Release|Any CPU.Build.0 = Release|Any CPU
	EndGlobalSection
	GlobalSection(SolutionProperties) = preSolution
		HideSolutionNode = FALSE
	EndGlobalSection
EndGlobal
